
Microsoft Visual Studio Solution File, Format Version 12.00
# Visual Studio Version 17
VisualStudioVersion = 17.11.35312.102
MinimumVisualStudioVersion = 10.0.40219.1
Project("{FAE04EC0-301F-11D3-BF4B-00C04F79EFBC}") = "P3_1_714230034", "P3_1_714230034\P3_1_714230034.csproj", "{264F713D-1902-42DA-81D0-9C2D997F9D82}"
EndProject
Global
	GlobalSection(SolutionConfigurationPlatforms) = preSolution
		Debug|Any CPU = Debug|Any CPU
		Release|Any CPU = Release|Any CPU
	EndGlobalSection
	GlobalSection(ProjectConfigurationPlatforms) = postSolution
		{264F713D-1902-42DA-81D0-9C2D997F9D82}.Debug|Any CPU.ActiveCfg = Debug|Any CPU
		{264F713D-1902-42DA-81D0-9C2D997F9D82}.Debug|Any CPU.Build.0 = Debug|Any CPU
		{264F713D-1902-42DA-81D0-9C2D997F9D82}.Release|Any CPU.ActiveCfg = Release|Any CPU
		{264F713D-1902-42DA-81D0-9C2D997F9D82}.Release|Any CPU.Build.0 = Release|Any CPU
	EndGlobalSection
	GlobalSection(SolutionProperties) = preSolution
		HideSolutionNode = FALSE
	EndGlobalSection
	GlobalSection(ExtensibilityGlobals) = postSolution
		SolutionGuid = {DD873993-DAC8-4B6D-8294-16CE53BAA3ED}
	EndGlobalSection
EndGlobal
