
Microsoft Visual Studio Solution File, Format Version 12.00
# Visual Studio Version 17
VisualStudioVersion = 17.11.35327.3
MinimumVisualStudioVersion = 10.0.40219.1
Project("{FAE04EC0-301F-11D3-BF4B-00C04F79EFBC}") = "P13_714230034", "P13_714230034.csproj", "{C575DBF6-70DF-4EF8-A876-90780B6E62FF}"
EndProject
Global
	GlobalSection(SolutionConfigurationPlatforms) = preSolution
		Debug|Any CPU = Debug|Any CPU
		Release|Any CPU = Release|Any CPU
	EndGlobalSection
	GlobalSection(ProjectConfigurationPlatforms) = postSolution
		{C575DBF6-70DF-4EF8-A876-90780B6E62FF}.Debug|Any CPU.ActiveCfg = Debug|Any CPU
		{C575DBF6-70DF-4EF8-A876-90780B6E62FF}.Debug|Any CPU.Build.0 = Debug|Any CPU
		{C575DBF6-70DF-4EF8-A876-90780B6E62FF}.Release|Any CPU.ActiveCfg = Release|Any CPU
		{C575DBF6-70DF-4EF8-A876-90780B6E62FF}.Release|Any CPU.Build.0 = Release|Any CPU
	EndGlobalSection
	GlobalSection(SolutionProperties) = preSolution
		HideSolutionNode = FALSE
	EndGlobalSection
	GlobalSection(ExtensibilityGlobals) = postSolution
		SolutionGuid = {802871A0-DB1C-4B99-9435-C69077B3C23A}
	EndGlobalSection
EndGlobal
